PODS:
  - FloatingPanel (2.5.3)
  - Instructions (2.2.0)
  - Kingfisher (7.2.2)
  - ProgressHUD (13.6)
  - SkeletonView (1.29.2)
  - SwiftMessages (9.0.6):
    - SwiftMessages/App (= 9.0.6)
  - SwiftMessages/App (9.0.6)

DEPENDENCIES:
  - FloatingPanel
  - Instructions
  - Kingfisher
  - ProgressHUD
  - SkeletonView
  - SwiftMessages

SPEC REPOS:
  trunk:
    - FloatingPanel
    - Instructions
    - Kingfisher
    - ProgressHUD
    - SkeletonView
    - SwiftMessages

SPEC CHECKSUMS:
  FloatingPanel: 3cee815e9ded75b632543fa73ab655a1ef941452
  Instructions: 07052901a398b42eb1d83de9755b8a0bac3e2f7d
  Kingfisher: 184d4d1a8c36666e663caf8e08abe87898595c53
  ProgressHUD: 4bdaa0d2ddf676b23324b199f9facffb5c3a1620
  SkeletonView: 915a80ecc2b6421ab7ac0f0212321c0cc1406472
  SwiftMessages: f0c7ef4705a570ad6c5e208b611f4333e660ed92

PODFILE CHECKSUM: 94c6abe53a777f47d3443e3c4dbd090670a6a619

COCOAPODS: 1.11.3
