// !$*UTF8*$!
{
	archiveVersion = 1;
	classes = {
	};
	objectVersion = 55;
	objects = {

/* Begin PBXBuildFile section */
		4C98228F28C4D39600C4D4F5 /* DishesDetailsViewController.swift in Sources */ = {isa = PBXBuildFile; fileRef = 4C98228E28C4D39600C4D4F5 /* DishesDetailsViewController.swift */; };
		4C98229128C5372C00C4D4F5 /* ViewControllerNavigators.swift in Sources */ = {isa = PBXBuildFile; fileRef = 4C98229028C5372C00C4D4F5 /* ViewControllerNavigators.swift */; };
		4C98229328C5448900C4D4F5 /* Cart.storyboard in Resources */ = {isa = PBXBuildFile; fileRef = 4C98229228C5448900C4D4F5 /* Cart.storyboard */; };
		4C98229628C5450D00C4D4F5 /* CartViewController.swift in Sources */ = {isa = PBXBuildFile; fileRef = 4C98229528C5450D00C4D4F5 /* CartViewController.swift */; };
		4C98229828C55EC800C4D4F5 /* NotificationsTableViewController.swift in Sources */ = {isa = PBXBuildFile; fileRef = 4C98229728C55EC800C4D4F5 /* NotificationsTableViewController.swift */; };
		4C98229A28C635E400C4D4F5 /* Auth.storyboard in Resources */ = {isa = PBXBuildFile; fileRef = 4C98229928C635E400C4D4F5 /* Auth.storyboard */; };
		4C98229D28C6362C00C4D4F5 /* AuthViewController.swift in Sources */ = {isa = PBXBuildFile; fileRef = 4C98229C28C6362C00C4D4F5 /* AuthViewController.swift */; };
		4C98229F28C63A5700C4D4F5 /* KeychainPasswordItem.swift in Sources */ = {isa = PBXBuildFile; fileRef = 4C98229E28C63A5700C4D4F5 /* KeychainPasswordItem.swift */; };
		4C9822A128C63CEE00C4D4F5 /* TouchIDAuthentication.swift in Sources */ = {isa = PBXBuildFile; fileRef = 4C9822A028C63CEE00C4D4F5 /* TouchIDAuthentication.swift */; };
		4C9822A428C6425400C4D4F5 /* Auth.xcdatamodeld in Sources */ = {isa = PBXBuildFile; fileRef = 4C9822A228C6425400C4D4F5 /* Auth.xcdatamodeld */; };
		4C9822A628C6800400C4D4F5 /* Config.swift in Sources */ = {isa = PBXBuildFile; fileRef = 4C9822A528C6800400C4D4F5 /* Config.swift */; };
		4C9822AA28C682BE00C4D4F5 /* CartItemsTableViewCell.swift in Sources */ = {isa = PBXBuildFile; fileRef = 4C9822A828C682BE00C4D4F5 /* CartItemsTableViewCell.swift */; };
		4C9822AB28C682BE00C4D4F5 /* CartItemsTableViewCell.xib in Resources */ = {isa = PBXBuildFile; fileRef = 4C9822A928C682BE00C4D4F5 /* CartItemsTableViewCell.xib */; };
		4C9822AD28C6842E00C4D4F5 /* CategoryDetailsViewController.swift in Sources */ = {isa = PBXBuildFile; fileRef = 4C9822AC28C6842E00C4D4F5 /* CategoryDetailsViewController.swift */; };
		4C9822B128C6846600C4D4F5 /* CategoryDetailsTableViewCell.swift in Sources */ = {isa = PBXBuildFile; fileRef = 4C9822AF28C6846600C4D4F5 /* CategoryDetailsTableViewCell.swift */; };
		4C9822B228C6846600C4D4F5 /* CategoryDetailsTableViewCell.xib in Resources */ = {isa = PBXBuildFile; fileRef = 4C9822B028C6846600C4D4F5 /* CategoryDetailsTableViewCell.xib */; };
		4C9EA40B28C3A83B0053FE38 /* AppDelegate.swift in Sources */ = {isa = PBXBuildFile; fileRef = 4C9EA40A28C3A83B0053FE38 /* AppDelegate.swift */; };
		4C9EA40D28C3A83B0053FE38 /* SceneDelegate.swift in Sources */ = {isa = PBXBuildFile; fileRef = 4C9EA40C28C3A83B0053FE38 /* SceneDelegate.swift */; };
		4C9EA40F28C3A83B0053FE38 /* HomeViewController.swift in Sources */ = {isa = PBXBuildFile; fileRef = 4C9EA40E28C3A83B0053FE38 /* HomeViewController.swift */; };
		4C9EA41228C3A83B0053FE38 /* Main.storyboard in Resources */ = {isa = PBXBuildFile; fileRef = 4C9EA41028C3A83B0053FE38 /* Main.storyboard */; };
		4C9EA41428C3A83F0053FE38 /* Assets.xcassets in Resources */ = {isa = PBXBuildFile; fileRef = 4C9EA41328C3A83F0053FE38 /* Assets.xcassets */; };
		4C9EA41728C3A83F0053FE38 /* LaunchScreen.storyboard in Resources */ = {isa = PBXBuildFile; fileRef = 4C9EA41528C3A83F0053FE38 /* LaunchScreen.storyboard */; };
		4C9EA42228C3A83F0053FE38 /* YummiTests.swift in Sources */ = {isa = PBXBuildFile; fileRef = 4C9EA42128C3A83F0053FE38 /* YummiTests.swift */; };
		4C9EA42C28C3A83F0053FE38 /* YummiUITests.swift in Sources */ = {isa = PBXBuildFile; fileRef = 4C9EA42B28C3A83F0053FE38 /* YummiUITests.swift */; };
		4C9EA42E28C3A83F0053FE38 /* YummiUITestsLaunchTests.swift in Sources */ = {isa = PBXBuildFile; fileRef = 4C9EA42D28C3A83F0053FE38 /* YummiUITestsLaunchTests.swift */; };
		4C9EA44428C3A97E0053FE38 /* AuthFeeds.swift in Sources */ = {isa = PBXBuildFile; fileRef = 4C9EA44328C3A97E0053FE38 /* AuthFeeds.swift */; };
		4C9EA44628C3A9930053FE38 /* AuthClient.swift in Sources */ = {isa = PBXBuildFile; fileRef = 4C9EA44528C3A9930053FE38 /* AuthClient.swift */; };
		4C9EA44928C3A9B10053FE38 /* Results.swift in Sources */ = {isa = PBXBuildFile; fileRef = 4C9EA44828C3A9B10053FE38 /* Results.swift */; };
		4C9EA44B28C3A9CB0053FE38 /* APiClient.swift in Sources */ = {isa = PBXBuildFile; fileRef = 4C9EA44A28C3A9CB0053FE38 /* APiClient.swift */; };
		4C9EA44D28C3A9E00053FE38 /* HTTPMethods.swift in Sources */ = {isa = PBXBuildFile; fileRef = 4C9EA44C28C3A9E00053FE38 /* HTTPMethods.swift */; };
		4C9EA44F28C3A9F00053FE38 /* HTTPHeaders.swift in Sources */ = {isa = PBXBuildFile; fileRef = 4C9EA44E28C3A9F00053FE38 /* HTTPHeaders.swift */; };
		4C9EA45128C3A9FE0053FE38 /* EndPoints.swift in Sources */ = {isa = PBXBuildFile; fileRef = 4C9EA45028C3A9FE0053FE38 /* EndPoints.swift */; };
		4C9EA45328C3AA0B0053FE38 /* APiErrors.swift in Sources */ = {isa = PBXBuildFile; fileRef = 4C9EA45228C3AA0B0053FE38 /* APiErrors.swift */; };
		4C9EA45528C3AAAE0053FE38 /* AppManager.swift in Sources */ = {isa = PBXBuildFile; fileRef = 4C9EA45428C3AAAE0053FE38 /* AppManager.swift */; };
		4C9EA45728C3AABB0053FE38 /* Utitlites.swift in Sources */ = {isa = PBXBuildFile; fileRef = 4C9EA45628C3AABB0053FE38 /* Utitlites.swift */; };
		4C9EA45928C3AB390053FE38 /* Bundle.swift in Sources */ = {isa = PBXBuildFile; fileRef = 4C9EA45828C3AB390053FE38 /* Bundle.swift */; };
		4C9EA45B28C3AB490053FE38 /* Vibration.swift in Sources */ = {isa = PBXBuildFile; fileRef = 4C9EA45A28C3AB490053FE38 /* Vibration.swift */; };
		4C9EA45D28C3AB600053FE38 /* StringLocalization.swift in Sources */ = {isa = PBXBuildFile; fileRef = 4C9EA45C28C3AB600053FE38 /* StringLocalization.swift */; };
		4C9EA46128C3ABDD0053FE38 /* Global.swift in Sources */ = {isa = PBXBuildFile; fileRef = 4C9EA46028C3ABDD0053FE38 /* Global.swift */; };
		4C9EA46328C3AF600053FE38 /* OnBoarding.storyboard in Resources */ = {isa = PBXBuildFile; fileRef = 4C9EA46228C3AF600053FE38 /* OnBoarding.storyboard */; };
		4C9EA46828C3B29B0053FE38 /* OnBoardingViewController.swift in Sources */ = {isa = PBXBuildFile; fileRef = 4C9EA46728C3B29B0053FE38 /* OnBoardingViewController.swift */; };
		4C9EA46A28C3B54D0053FE38 /* UIViews.swift in Sources */ = {isa = PBXBuildFile; fileRef = 4C9EA46928C3B54D0053FE38 /* UIViews.swift */; };
		4C9EA46C28C3B66A0053FE38 /* StaticDataModel.swift in Sources */ = {isa = PBXBuildFile; fileRef = 4C9EA46B28C3B66A0053FE38 /* StaticDataModel.swift */; };
		4C9EA46F28C3B8990053FE38 /* SlideCollectionViewCell.swift in Sources */ = {isa = PBXBuildFile; fileRef = 4C9EA46E28C3B8990053FE38 /* SlideCollectionViewCell.swift */; };
		4C9EA47628C3D48F0053FE38 /* Configuration.swift in Sources */ = {isa = PBXBuildFile; fileRef = 4C9EA47528C3D48F0053FE38 /* Configuration.swift */; };
		4C9EA48028C403610053FE38 /* CategoryCollectionViewCell.swift in Sources */ = {isa = PBXBuildFile; fileRef = 4C9EA47E28C403610053FE38 /* CategoryCollectionViewCell.swift */; };
		4C9EA48128C403610053FE38 /* CategoryCollectionViewCell.xib in Resources */ = {isa = PBXBuildFile; fileRef = 4C9EA47F28C403610053FE38 /* CategoryCollectionViewCell.xib */; };
		4C9EA48328C404CD0053FE38 /* CategoryModel.swift in Sources */ = {isa = PBXBuildFile; fileRef = 4C9EA48228C404CD0053FE38 /* CategoryModel.swift */; };
		4C9EA48528C404E60053FE38 /* CategoryPresenter.swift in Sources */ = {isa = PBXBuildFile; fileRef = 4C9EA48428C404E60053FE38 /* CategoryPresenter.swift */; };
		4C9EA48728C406AD0053FE38 /* StringURLs.swift in Sources */ = {isa = PBXBuildFile; fileRef = 4C9EA48628C406AD0053FE38 /* StringURLs.swift */; };
		4C9EA48C28C40D860053FE38 /* PopularCollectionViewCell.swift in Sources */ = {isa = PBXBuildFile; fileRef = 4C9EA48A28C40D860053FE38 /* PopularCollectionViewCell.swift */; };
		4C9EA48D28C40D870053FE38 /* PopularCollectionViewCell.xib in Resources */ = {isa = PBXBuildFile; fileRef = 4C9EA48B28C40D860053FE38 /* PopularCollectionViewCell.xib */; };
		4C9EA49128C4C8830053FE38 /* ChefCollectionViewCell.swift in Sources */ = {isa = PBXBuildFile; fileRef = 4C9EA48F28C4C8830053FE38 /* ChefCollectionViewCell.swift */; };
		4C9EA49228C4C8830053FE38 /* ChefCollectionViewCell.xib in Resources */ = {isa = PBXBuildFile; fileRef = 4C9EA49028C4C8830053FE38 /* ChefCollectionViewCell.xib */; };
		4C9EA49428C4D0350053FE38 /* DishesDetails.storyboard in Resources */ = {isa = PBXBuildFile; fileRef = 4C9EA49328C4D0350053FE38 /* DishesDetails.storyboard */; };
		4FBA3B61AAD2B5A8608944DA /* Pods_Yummi_YummiUITests.framework in Frameworks */ = {isa = PBXBuildFile; fileRef = 8ACB9D16EF9AF2F8F97C62F9 /* Pods_Yummi_YummiUITests.framework */; };
		9626D971F651B7752FF723D6 /* Pods_YummiTests.framework in Frameworks */ = {isa = PBXBuildFile; fileRef = 2D860374EDC83585C38ADF18 /* Pods_YummiTests.framework */; };
		E579E1F4CD215DB7F322627B /* Pods_Yummi.framework in Frameworks */ = {isa = PBXBuildFile; fileRef = BC27F8FC6C7920E785B6E386 /* Pods_Yummi.framework */; };
/* End PBXBuildFile section */

/* Begin PBXContainerItemProxy section */
		4C9EA41E28C3A83F0053FE38 /* PBXContainerItemProxy */ = {
			isa = PBXContainerItemProxy;
			containerPortal = 4C9EA3FF28C3A83B0053FE38 /* Project object */;
			proxyType = 1;
			remoteGlobalIDString = 4C9EA40628C3A83B0053FE38;
			remoteInfo = Yummi;
		};
		4C9EA42828C3A83F0053FE38 /* PBXContainerItemProxy */ = {
			isa = PBXContainerItemProxy;
			containerPortal = 4C9EA3FF28C3A83B0053FE38 /* Project object */;
			proxyType = 1;
			remoteGlobalIDString = 4C9EA40628C3A83B0053FE38;
			remoteInfo = Yummi;
		};
/* End PBXContainerItemProxy section */

/* Begin PBXFileReference section */
		0ED66E059C69D942324DDD2E /* Pods-Yummi-YummiUITests.release.xcconfig */ = {isa = PBXFileReference; includeInIndex = 1; lastKnownFileType = text.xcconfig; name = "Pods-Yummi-YummiUITests.release.xcconfig"; path = "Target Support Files/Pods-Yummi-YummiUITests/Pods-Yummi-YummiUITests.release.xcconfig"; sourceTree = "<group>"; };
		2D860374EDC83585C38ADF18 /* Pods_YummiTests.framework */ = {isa = PBXFileReference; explicitFileType = wrapper.framework; includeInIndex = 0; path = Pods_YummiTests.framework; sourceTree = BUILT_PRODUCTS_DIR; };
		306EEA5EED86042119358BC9 /* Pods-YummiTests.release.xcconfig */ = {isa = PBXFileReference; includeInIndex = 1; lastKnownFileType = text.xcconfig; name = "Pods-YummiTests.release.xcconfig"; path = "Target Support Files/Pods-YummiTests/Pods-YummiTests.release.xcconfig"; sourceTree = "<group>"; };
		32BB729745FDC68D7AEB1F75 /* Pods-Yummi-YummiUITests.debug.xcconfig */ = {isa = PBXFileReference; includeInIndex = 1; lastKnownFileType = text.xcconfig; name = "Pods-Yummi-YummiUITests.debug.xcconfig"; path = "Target Support Files/Pods-Yummi-YummiUITests/Pods-Yummi-YummiUITests.debug.xcconfig"; sourceTree = "<group>"; };
		4C98228E28C4D39600C4D4F5 /* DishesDetailsViewController.swift */ = {isa = PBXFileReference; lastKnownFileType = sourcecode.swift; path = DishesDetailsViewController.swift; sourceTree = "<group>"; };
		4C98229028C5372C00C4D4F5 /* ViewControllerNavigators.swift */ = {isa = PBXFileReference; lastKnownFileType = sourcecode.swift; path = ViewControllerNavigators.swift; sourceTree = "<group>"; };
		4C98229228C5448900C4D4F5 /* Cart.storyboard */ = {isa = PBXFileReference; lastKnownFileType = file.storyboard; path = Cart.storyboard; sourceTree = "<group>"; };
		4C98229528C5450D00C4D4F5 /* CartViewController.swift */ = {isa = PBXFileReference; lastKnownFileType = sourcecode.swift; path = CartViewController.swift; sourceTree = "<group>"; };
		4C98229728C55EC800C4D4F5 /* NotificationsTableViewController.swift */ = {isa = PBXFileReference; lastKnownFileType = sourcecode.swift; path = NotificationsTableViewController.swift; sourceTree = "<group>"; };
		4C98229928C635E400C4D4F5 /* Auth.storyboard */ = {isa = PBXFileReference; lastKnownFileType = file.storyboard; path = Auth.storyboard; sourceTree = "<group>"; };
		4C98229C28C6362C00C4D4F5 /* AuthViewController.swift */ = {isa = PBXFileReference; lastKnownFileType = sourcecode.swift; path = AuthViewController.swift; sourceTree = "<group>"; };
		4C98229E28C63A5700C4D4F5 /* KeychainPasswordItem.swift */ = {isa = PBXFileReference; fileEncoding = 4; lastKnownFileType = sourcecode.swift; path = KeychainPasswordItem.swift; sourceTree = "<group>"; };
		4C9822A028C63CEE00C4D4F5 /* TouchIDAuthentication.swift */ = {isa = PBXFileReference; lastKnownFileType = sourcecode.swift; path = TouchIDAuthentication.swift; sourceTree = "<group>"; };
		4C9822A328C6425400C4D4F5 /* Auth.xcdatamodel */ = {isa = PBXFileReference; lastKnownFileType = wrapper.xcdatamodel; path = Auth.xcdatamodel; sourceTree = "<group>"; };
		4C9822A528C6800400C4D4F5 /* Config.swift */ = {isa = PBXFileReference; lastKnownFileType = sourcecode.swift; path = Config.swift; sourceTree = "<group>"; };
		4C9822A828C682BE00C4D4F5 /* CartItemsTableViewCell.swift */ = {isa = PBXFileReference; lastKnownFileType = sourcecode.swift; path = CartItemsTableViewCell.swift; sourceTree = "<group>"; };
		4C9822A928C682BE00C4D4F5 /* CartItemsTableViewCell.xib */ = {isa = PBXFileReference; lastKnownFileType = file.xib; path = CartItemsTableViewCell.xib; sourceTree = "<group>"; };
		4C9822AC28C6842E00C4D4F5 /* CategoryDetailsViewController.swift */ = {isa = PBXFileReference; lastKnownFileType = sourcecode.swift; path = CategoryDetailsViewController.swift; sourceTree = "<group>"; };
		4C9822AF28C6846600C4D4F5 /* CategoryDetailsTableViewCell.swift */ = {isa = PBXFileReference; lastKnownFileType = sourcecode.swift; path = CategoryDetailsTableViewCell.swift; sourceTree = "<group>"; };
		4C9822B028C6846600C4D4F5 /* CategoryDetailsTableViewCell.xib */ = {isa = PBXFileReference; lastKnownFileType = file.xib; path = CategoryDetailsTableViewCell.xib; sourceTree = "<group>"; };
		4C9EA40728C3A83B0053FE38 /* Yummi.app */ = {isa = PBXFileReference; explicitFileType = wrapper.application; includeInIndex = 0; path = Yummi.app; sourceTree = BUILT_PRODUCTS_DIR; };
		4C9EA40A28C3A83B0053FE38 /* AppDelegate.swift */ = {isa = PBXFileReference; lastKnownFileType = sourcecode.swift; path = AppDelegate.swift; sourceTree = "<group>"; };
		4C9EA40C28C3A83B0053FE38 /* SceneDelegate.swift */ = {isa = PBXFileReference; lastKnownFileType = sourcecode.swift; path = SceneDelegate.swift; sourceTree = "<group>"; };
		4C9EA40E28C3A83B0053FE38 /* HomeViewController.swift */ = {isa = PBXFileReference; lastKnownFileType = sourcecode.swift; path = HomeViewController.swift; sourceTree = "<group>"; };
		4C9EA41128C3A83B0053FE38 /* Base */ = {isa = PBXFileReference; lastKnownFileType = file.storyboard; name = Base; path = Base.lproj/Main.storyboard; sourceTree = "<group>"; };
		4C9EA41328C3A83F0053FE38 /* Assets.xcassets */ = {isa = PBXFileReference; lastKnownFileType = folder.assetcatalog; path = Assets.xcassets; sourceTree = "<group>"; };
		4C9EA41628C3A83F0053FE38 /* Base */ = {isa = PBXFileReference; lastKnownFileType = file.storyboard; name = Base; path = Base.lproj/LaunchScreen.storyboard; sourceTree = "<group>"; };
		4C9EA41828C3A83F0053FE38 /* Info.plist */ = {isa = PBXFileReference; lastKnownFileType = text.plist.xml; path = Info.plist; sourceTree = "<group>"; };
		4C9EA41D28C3A83F0053FE38 /* YummiTests.xctest */ = {isa = PBXFileReference; explicitFileType = wrapper.cfbundle; includeInIndex = 0; path = YummiTests.xctest; sourceTree = BUILT_PRODUCTS_DIR; };
		4C9EA42128C3A83F0053FE38 /* YummiTests.swift */ = {isa = PBXFileReference; lastKnownFileType = sourcecode.swift; path = YummiTests.swift; sourceTree = "<group>"; };
		4C9EA42728C3A83F0053FE38 /* YummiUITests.xctest */ = {isa = PBXFileReference; explicitFileType = wrapper.cfbundle; includeInIndex = 0; path = YummiUITests.xctest; sourceTree = BUILT_PRODUCTS_DIR; };
		4C9EA42B28C3A83F0053FE38 /* YummiUITests.swift */ = {isa = PBXFileReference; lastKnownFileType = sourcecode.swift; path = YummiUITests.swift; sourceTree = "<group>"; };
		4C9EA42D28C3A83F0053FE38 /* YummiUITestsLaunchTests.swift */ = {isa = PBXFileReference; lastKnownFileType = sourcecode.swift; path = YummiUITestsLaunchTests.swift; sourceTree = "<group>"; };
		4C9EA44328C3A97E0053FE38 /* AuthFeeds.swift */ = {isa = PBXFileReference; lastKnownFileType = sourcecode.swift; path = AuthFeeds.swift; sourceTree = "<group>"; };
		4C9EA44528C3A9930053FE38 /* AuthClient.swift */ = {isa = PBXFileReference; lastKnownFileType = sourcecode.swift; path = AuthClient.swift; sourceTree = "<group>"; };
		4C9EA44828C3A9B10053FE38 /* Results.swift */ = {isa = PBXFileReference; lastKnownFileType = sourcecode.swift; path = Results.swift; sourceTree = "<group>"; };
		4C9EA44A28C3A9CB0053FE38 /* APiClient.swift */ = {isa = PBXFileReference; lastKnownFileType = sourcecode.swift; path = APiClient.swift; sourceTree = "<group>"; };
		4C9EA44C28C3A9E00053FE38 /* HTTPMethods.swift */ = {isa = PBXFileReference; lastKnownFileType = sourcecode.swift; path = HTTPMethods.swift; sourceTree = "<group>"; };
		4C9EA44E28C3A9F00053FE38 /* HTTPHeaders.swift */ = {isa = PBXFileReference; lastKnownFileType = sourcecode.swift; path = HTTPHeaders.swift; sourceTree = "<group>"; };
		4C9EA45028C3A9FE0053FE38 /* EndPoints.swift */ = {isa = PBXFileReference; lastKnownFileType = sourcecode.swift; path = EndPoints.swift; sourceTree = "<group>"; };
		4C9EA45228C3AA0B0053FE38 /* APiErrors.swift */ = {isa = PBXFileReference; lastKnownFileType = sourcecode.swift; path = APiErrors.swift; sourceTree = "<group>"; };
		4C9EA45428C3AAAE0053FE38 /* AppManager.swift */ = {isa = PBXFileReference; lastKnownFileType = sourcecode.swift; path = AppManager.swift; sourceTree = "<group>"; };
		4C9EA45628C3AABB0053FE38 /* Utitlites.swift */ = {isa = PBXFileReference; lastKnownFileType = sourcecode.swift; path = Utitlites.swift; sourceTree = "<group>"; };
		4C9EA45828C3AB390053FE38 /* Bundle.swift */ = {isa = PBXFileReference; lastKnownFileType = sourcecode.swift; path = Bundle.swift; sourceTree = "<group>"; };
		4C9EA45A28C3AB490053FE38 /* Vibration.swift */ = {isa = PBXFileReference; lastKnownFileType = sourcecode.swift; path = Vibration.swift; sourceTree = "<group>"; };
		4C9EA45C28C3AB600053FE38 /* StringLocalization.swift */ = {isa = PBXFileReference; lastKnownFileType = sourcecode.swift; path = StringLocalization.swift; sourceTree = "<group>"; };
		4C9EA46028C3ABDD0053FE38 /* Global.swift */ = {isa = PBXFileReference; lastKnownFileType = sourcecode.swift; path = Global.swift; sourceTree = "<group>"; };
		4C9EA46228C3AF600053FE38 /* OnBoarding.storyboard */ = {isa = PBXFileReference; lastKnownFileType = file.storyboard; path = OnBoarding.storyboard; sourceTree = "<group>"; };
		4C9EA46728C3B29B0053FE38 /* OnBoardingViewController.swift */ = {isa = PBXFileReference; lastKnownFileType = sourcecode.swift; path = OnBoardingViewController.swift; sourceTree = "<group>"; };
		4C9EA46928C3B54D0053FE38 /* UIViews.swift */ = {isa = PBXFileReference; lastKnownFileType = sourcecode.swift; path = UIViews.swift; sourceTree = "<group>"; };
		4C9EA46B28C3B66A0053FE38 /* StaticDataModel.swift */ = {isa = PBXFileReference; lastKnownFileType = sourcecode.swift; path = StaticDataModel.swift; sourceTree = "<group>"; };
		4C9EA46E28C3B8990053FE38 /* SlideCollectionViewCell.swift */ = {isa = PBXFileReference; lastKnownFileType = sourcecode.swift; path = SlideCollectionViewCell.swift; sourceTree = "<group>"; };
		4C9EA47528C3D48F0053FE38 /* Configuration.swift */ = {isa = PBXFileReference; lastKnownFileType = sourcecode.swift; path = Configuration.swift; sourceTree = "<group>"; };
		4C9EA47728C3D4E40053FE38 /* Staging.xcconfig */ = {isa = PBXFileReference; lastKnownFileType = text.xcconfig; path = Staging.xcconfig; sourceTree = "<group>"; };
		4C9EA47828C3D4F80053FE38 /* Release.xcconfig */ = {isa = PBXFileReference; lastKnownFileType = text.xcconfig; path = Release.xcconfig; sourceTree = "<group>"; };
		4C9EA47E28C403610053FE38 /* CategoryCollectionViewCell.swift */ = {isa = PBXFileReference; lastKnownFileType = sourcecode.swift; path = CategoryCollectionViewCell.swift; sourceTree = "<group>"; };
		4C9EA47F28C403610053FE38 /* CategoryCollectionViewCell.xib */ = {isa = PBXFileReference; lastKnownFileType = file.xib; path = CategoryCollectionViewCell.xib; sourceTree = "<group>"; };
		4C9EA48228C404CD0053FE38 /* CategoryModel.swift */ = {isa = PBXFileReference; lastKnownFileType = sourcecode.swift; path = CategoryModel.swift; sourceTree = "<group>"; };
		4C9EA48428C404E60053FE38 /* CategoryPresenter.swift */ = {isa = PBXFileReference; lastKnownFileType = sourcecode.swift; path = CategoryPresenter.swift; sourceTree = "<group>"; };
		4C9EA48628C406AD0053FE38 /* StringURLs.swift */ = {isa = PBXFileReference; lastKnownFileType = sourcecode.swift; path = StringURLs.swift; sourceTree = "<group>"; };
		4C9EA48A28C40D860053FE38 /* PopularCollectionViewCell.swift */ = {isa = PBXFileReference; lastKnownFileType = sourcecode.swift; path = PopularCollectionViewCell.swift; sourceTree = "<group>"; };
		4C9EA48B28C40D860053FE38 /* PopularCollectionViewCell.xib */ = {isa = PBXFileReference; lastKnownFileType = file.xib; path = PopularCollectionViewCell.xib; sourceTree = "<group>"; };
		4C9EA48F28C4C8830053FE38 /* ChefCollectionViewCell.swift */ = {isa = PBXFileReference; lastKnownFileType = sourcecode.swift; path = ChefCollectionViewCell.swift; sourceTree = "<group>"; };
		4C9EA49028C4C8830053FE38 /* ChefCollectionViewCell.xib */ = {isa = PBXFileReference; lastKnownFileType = file.xib; path = ChefCollectionViewCell.xib; sourceTree = "<group>"; };
		4C9EA49328C4D0350053FE38 /* DishesDetails.storyboard */ = {isa = PBXFileReference; lastKnownFileType = file.storyboard; path = DishesDetails.storyboard; sourceTree = "<group>"; };
		66FA20142403EEEE036EE7C1 /* Pods-YummiTests.staging.xcconfig */ = {isa = PBXFileReference; includeInIndex = 1; lastKnownFileType = text.xcconfig; name = "Pods-YummiTests.staging.xcconfig"; path = "Target Support Files/Pods-YummiTests/Pods-YummiTests.staging.xcconfig"; sourceTree = "<group>"; };
		6D6F76B6FEA54C97915022D7 /* Pods-Yummi.release.xcconfig */ = {isa = PBXFileReference; includeInIndex = 1; lastKnownFileType = text.xcconfig; name = "Pods-Yummi.release.xcconfig"; path = "Target Support Files/Pods-Yummi/Pods-Yummi.release.xcconfig"; sourceTree = "<group>"; };
		7175FDAA31D35EF866E97CD2 /* Pods-Yummi.staging.xcconfig */ = {isa = PBXFileReference; includeInIndex = 1; lastKnownFileType = text.xcconfig; name = "Pods-Yummi.staging.xcconfig"; path = "Target Support Files/Pods-Yummi/Pods-Yummi.staging.xcconfig"; sourceTree = "<group>"; };
		8ACB9D16EF9AF2F8F97C62F9 /* Pods_Yummi_YummiUITests.framework */ = {isa = PBXFileReference; explicitFileType = wrapper.framework; includeInIndex = 0; path = Pods_Yummi_YummiUITests.framework; sourceTree = BUILT_PRODUCTS_DIR; };
		A278A0995F1599A848395415 /* Pods-Yummi-YummiUITests.staging.xcconfig */ = {isa = PBXFileReference; includeInIndex = 1; lastKnownFileType = text.xcconfig; name = "Pods-Yummi-YummiUITests.staging.xcconfig"; path = "Target Support Files/Pods-Yummi-YummiUITests/Pods-Yummi-YummiUITests.staging.xcconfig"; sourceTree = "<group>"; };
		BC27F8FC6C7920E785B6E386 /* Pods_Yummi.framework */ = {isa = PBXFileReference; explicitFileType = wrapper.framework; includeInIndex = 0; path = Pods_Yummi.framework; sourceTree = BUILT_PRODUCTS_DIR; };
		BF1C5A2ED25E56423410A300 /* Pods-Yummi.debug.xcconfig */ = {isa = PBXFileReference; includeInIndex = 1; lastKnownFileType = text.xcconfig; name = "Pods-Yummi.debug.xcconfig"; path = "Target Support Files/Pods-Yummi/Pods-Yummi.debug.xcconfig"; sourceTree = "<group>"; };
		D8C3A770FFF41223B32F8E1B /* Pods-YummiTests.debug.xcconfig */ = {isa = PBXFileReference; includeInIndex = 1; lastKnownFileType = text.xcconfig; name = "Pods-YummiTests.debug.xcconfig"; path = "Target Support Files/Pods-YummiTests/Pods-YummiTests.debug.xcconfig"; sourceTree = "<group>"; };
/* End PBXFileReference section */

/* Begin PBXFrameworksBuildPhase section */
		4C9EA40428C3A83B0053FE38 /* Frameworks */ = {
			isa = PBXFrameworksBuildPhase;
			buildActionMask = 2147483647;
			files = (
				E579E1F4CD215DB7F322627B /* Pods_Yummi.framework in Frameworks */,
			);
			runOnlyForDeploymentPostprocessing = 0;
		};
		4C9EA41A28C3A83F0053FE38 /* Frameworks */ = {
			isa = PBXFrameworksBuildPhase;
			buildActionMask = 2147483647;
			files = (
				9626D971F651B7752FF723D6 /* Pods_YummiTests.framework in Frameworks */,
			);
			runOnlyForDeploymentPostprocessing = 0;
		};
		4C9EA42428C3A83F0053FE38 /* Frameworks */ = {
			isa = PBXFrameworksBuildPhase;
			buildActionMask = 2147483647;
			files = (
				4FBA3B61AAD2B5A8608944DA /* Pods_Yummi_YummiUITests.framework in Frameworks */,
			);
			runOnlyForDeploymentPostprocessing = 0;
		};
/* End PBXFrameworksBuildPhase section */

/* Begin PBXGroup section */
		4C98228D28C4D37200C4D4F5 /* DishesDetails */ = {
			isa = PBXGroup;
			children = (
				4C9822AE28C6843800C4D4F5 /* CategoryCells */,
				4C98228E28C4D39600C4D4F5 /* DishesDetailsViewController.swift */,
				4C9822AC28C6842E00C4D4F5 /* CategoryDetailsViewController.swift */,
			);
			path = DishesDetails;
			sourceTree = "<group>";
		};
		4C98229428C544F900C4D4F5 /* Cart */ = {
			isa = PBXGroup;
			children = (
				4C9822A728C682A100C4D4F5 /* CartCells */,
				4C98229528C5450D00C4D4F5 /* CartViewController.swift */,
			);
			path = Cart;
			sourceTree = "<group>";
		};
		4C98229B28C6361500C4D4F5 /* Auth */ = {
			isa = PBXGroup;
			children = (
				4C98229C28C6362C00C4D4F5 /* AuthViewController.swift */,
				4C98229E28C63A5700C4D4F5 /* KeychainPasswordItem.swift */,
				4C9822A028C63CEE00C4D4F5 /* TouchIDAuthentication.swift */,
				4C9822A528C6800400C4D4F5 /* Config.swift */,
			);
			path = Auth;
			sourceTree = "<group>";
		};
		4C9822A728C682A100C4D4F5 /* CartCells */ = {
			isa = PBXGroup;
			children = (
				4C9822A828C682BE00C4D4F5 /* CartItemsTableViewCell.swift */,
				4C9822A928C682BE00C4D4F5 /* CartItemsTableViewCell.xib */,
			);
			path = CartCells;
			sourceTree = "<group>";
		};
		4C9822AE28C6843800C4D4F5 /* CategoryCells */ = {
			isa = PBXGroup;
			children = (
				4C9822AF28C6846600C4D4F5 /* CategoryDetailsTableViewCell.swift */,
				4C9822B028C6846600C4D4F5 /* CategoryDetailsTableViewCell.xib */,
			);
			path = CategoryCells;
			sourceTree = "<group>";
		};
		4C9EA3FE28C3A83B0053FE38 = {
			isa = PBXGroup;
			children = (
				4C9EA40928C3A83B0053FE38 /* Yummi */,
				4C9EA42028C3A83F0053FE38 /* YummiTests */,
				4C9EA42A28C3A83F0053FE38 /* YummiUITests */,
				4C9EA40828C3A83B0053FE38 /* Products */,
				BB492CCDDD9870BA264476AC /* Pods */,
				E0196824B9620556DCDBCEC6 /* Frameworks */,
			);
			sourceTree = "<group>";
		};
		4C9EA40828C3A83B0053FE38 /* Products */ = {
			isa = PBXGroup;
			children = (
				4C9EA40728C3A83B0053FE38 /* Yummi.app */,
				4C9EA41D28C3A83F0053FE38 /* YummiTests.xctest */,
				4C9EA42728C3A83F0053FE38 /* YummiUITests.xctest */,
			);
			name = Products;
			sourceTree = "<group>";
		};
		4C9EA40928C3A83B0053FE38 /* Yummi */ = {
			isa = PBXGroup;
			children = (
				4C9EA45F28C3ABCB0053FE38 /* Common */,
				4C9EA44028C3A9430053FE38 /* Localizations */,
				4C9EA43F28C3A9270053FE38 /* Utilit */,
				4C9EA43E28C3A90B0053FE38 /* Configurations */,
				4C9EA43D28C3A8B70053FE38 /* Networking */,
				4C9EA43C28C3A8A30053FE38 /* Extensions */,
				4C9EA43A28C3A85A0053FE38 /* App */,
				4C9EA43B28C3A8820053FE38 /* Scenes */,
				4C9EA45E28C3ABA90053FE38 /* StoryBoards */,
				4C9EA41328C3A83F0053FE38 /* Assets.xcassets */,
				4C9EA41828C3A83F0053FE38 /* Info.plist */,
				4C9822A228C6425400C4D4F5 /* Auth.xcdatamodeld */,
			);
			path = Yummi;
			sourceTree = "<group>";
		};
		4C9EA42028C3A83F0053FE38 /* YummiTests */ = {
			isa = PBXGroup;
			children = (
				4C9EA42128C3A83F0053FE38 /* YummiTests.swift */,
			);
			path = YummiTests;
			sourceTree = "<group>";
		};
		4C9EA42A28C3A83F0053FE38 /* YummiUITests */ = {
			isa = PBXGroup;
			children = (
				4C9EA42B28C3A83F0053FE38 /* YummiUITests.swift */,
				4C9EA42D28C3A83F0053FE38 /* YummiUITestsLaunchTests.swift */,
			);
			path = YummiUITests;
			sourceTree = "<group>";
		};
		4C9EA43A28C3A85A0053FE38 /* App */ = {
			isa = PBXGroup;
			children = (
				4C9EA40A28C3A83B0053FE38 /* AppDelegate.swift */,
				4C9EA40C28C3A83B0053FE38 /* SceneDelegate.swift */,
			);
			path = App;
			sourceTree = "<group>";
		};
		4C9EA43B28C3A8820053FE38 /* Scenes */ = {
			isa = PBXGroup;
			children = (
				4C98229B28C6361500C4D4F5 /* Auth */,
				4C98229428C544F900C4D4F5 /* Cart */,
				4C98228D28C4D37200C4D4F5 /* DishesDetails */,
				4C9EA46428C3B23F0053FE38 /* OnBoarding */,
				4C9EA47928C3D6950053FE38 /* Home */,
				4C9EA47B28C3D6AB0053FE38 /* Settings */,
				4C9EA47A28C3D6A00053FE38 /* Notifications */,
			);
			path = Scenes;
			sourceTree = "<group>";
		};
		4C9EA43C28C3A8A30053FE38 /* Extensions */ = {
			isa = PBXGroup;
			children = (
				4C9EA45828C3AB390053FE38 /* Bundle.swift */,
				4C9EA45A28C3AB490053FE38 /* Vibration.swift */,
				4C9EA45C28C3AB600053FE38 /* StringLocalization.swift */,
				4C9EA46928C3B54D0053FE38 /* UIViews.swift */,
				4C9EA48628C406AD0053FE38 /* StringURLs.swift */,
				4C98229028C5372C00C4D4F5 /* ViewControllerNavigators.swift */,
			);
			path = Extensions;
			sourceTree = "<group>";
		};
		4C9EA43D28C3A8B70053FE38 /* Networking */ = {
			isa = PBXGroup;
			children = (
				4C9EA44228C3A9640053FE38 /* APis */,
				4C9EA44128C3A95A0053FE38 /* Core */,
			);
			path = Networking;
			sourceTree = "<group>";
		};
		4C9EA43E28C3A90B0053FE38 /* Configurations */ = {
			isa = PBXGroup;
			children = (
				4C9EA47528C3D48F0053FE38 /* Configuration.swift */,
				4C9EA47728C3D4E40053FE38 /* Staging.xcconfig */,
				4C9EA47828C3D4F80053FE38 /* Release.xcconfig */,
			);
			path = Configurations;
			sourceTree = "<group>";
		};
		4C9EA43F28C3A9270053FE38 /* Utilit */ = {
			isa = PBXGroup;
			children = (
				4C9EA45428C3AAAE0053FE38 /* AppManager.swift */,
				4C9EA45628C3AABB0053FE38 /* Utitlites.swift */,
			);
			path = Utilit;
			sourceTree = "<group>";
		};
		4C9EA44028C3A9430053FE38 /* Localizations */ = {
			isa = PBXGroup;
			children = (
			);
			path = Localizations;
			sourceTree = "<group>";
		};
		4C9EA44128C3A95A0053FE38 /* Core */ = {
			isa = PBXGroup;
			children = (
				4C9EA44828C3A9B10053FE38 /* Results.swift */,
				4C9EA44A28C3A9CB0053FE38 /* APiClient.swift */,
				4C9EA44C28C3A9E00053FE38 /* HTTPMethods.swift */,
				4C9EA44E28C3A9F00053FE38 /* HTTPHeaders.swift */,
				4C9EA45028C3A9FE0053FE38 /* EndPoints.swift */,
				4C9EA45228C3AA0B0053FE38 /* APiErrors.swift */,
			);
			path = Core;
			sourceTree = "<group>";
		};
		4C9EA44228C3A9640053FE38 /* APis */ = {
			isa = PBXGroup;
			children = (
				4C9EA44728C3A9980053FE38 /* Auth */,
			);
			path = APis;
			sourceTree = "<group>";
		};
		4C9EA44728C3A9980053FE38 /* Auth */ = {
			isa = PBXGroup;
			children = (
				4C9EA44328C3A97E0053FE38 /* AuthFeeds.swift */,
				4C9EA44528C3A9930053FE38 /* AuthClient.swift */,
			);
			path = Auth;
			sourceTree = "<group>";
		};
		4C9EA45E28C3ABA90053FE38 /* StoryBoards */ = {
			isa = PBXGroup;
			children = (
				4C9EA41528C3A83F0053FE38 /* LaunchScreen.storyboard */,
				4C9EA41028C3A83B0053FE38 /* Main.storyboard */,
				4C9EA46228C3AF600053FE38 /* OnBoarding.storyboard */,
				4C9EA49328C4D0350053FE38 /* DishesDetails.storyboard */,
				4C98229228C5448900C4D4F5 /* Cart.storyboard */,
				4C98229928C635E400C4D4F5 /* Auth.storyboard */,
			);
			path = StoryBoards;
			sourceTree = "<group>";
		};
		4C9EA45F28C3ABCB0053FE38 /* Common */ = {
			isa = PBXGroup;
			children = (
				4C9EA46028C3ABDD0053FE38 /* Global.swift */,
			);
			path = Common;
			sourceTree = "<group>";
		};
		4C9EA46428C3B23F0053FE38 /* OnBoarding */ = {
			isa = PBXGroup;
			children = (
				4C9EA46628C3B2830053FE38 /* Scene */,
				4C9EA46528C3B24C0053FE38 /* Model */,
			);
			path = OnBoarding;
			sourceTree = "<group>";
		};
		4C9EA46528C3B24C0053FE38 /* Model */ = {
			isa = PBXGroup;
			children = (
				4C9EA46B28C3B66A0053FE38 /* StaticDataModel.swift */,
			);
			path = Model;
			sourceTree = "<group>";
		};
		4C9EA46628C3B2830053FE38 /* Scene */ = {
			isa = PBXGroup;
			children = (
				4C9EA46D28C3B87B0053FE38 /* CollectionCell */,
				4C9EA47028C3B8A00053FE38 /* Controllers */,
			);
			path = Scene;
			sourceTree = "<group>";
		};
		4C9EA46D28C3B87B0053FE38 /* CollectionCell */ = {
			isa = PBXGroup;
			children = (
				4C9EA46E28C3B8990053FE38 /* SlideCollectionViewCell.swift */,
			);
			path = CollectionCell;
			sourceTree = "<group>";
		};
		4C9EA47028C3B8A00053FE38 /* Controllers */ = {
			isa = PBXGroup;
			children = (
				4C9EA46728C3B29B0053FE38 /* OnBoardingViewController.swift */,
			);
			path = Controllers;
			sourceTree = "<group>";
		};
		4C9EA47928C3D6950053FE38 /* Home */ = {
			isa = PBXGroup;
			children = (
				4C9EA47C28C403180053FE38 /* CollectionsCells */,
				4C9EA40E28C3A83B0053FE38 /* HomeViewController.swift */,
				4C9EA48428C404E60053FE38 /* CategoryPresenter.swift */,
				4C9EA48228C404CD0053FE38 /* CategoryModel.swift */,
			);
			path = Home;
			sourceTree = "<group>";
		};
		4C9EA47A28C3D6A00053FE38 /* Notifications */ = {
			isa = PBXGroup;
			children = (
				4C98229728C55EC800C4D4F5 /* NotificationsTableViewController.swift */,
			);
			path = Notifications;
			sourceTree = "<group>";
		};
		4C9EA47B28C3D6AB0053FE38 /* Settings */ = {
			isa = PBXGroup;
			children = (
			);
			path = Settings;
			sourceTree = "<group>";
		};
		4C9EA47C28C403180053FE38 /* CollectionsCells */ = {
			isa = PBXGroup;
			children = (
				4C9EA48E28C4C8610053FE38 /* ChefCollectionViewCell */,
				4C9EA48928C40D690053FE38 /* PopularCollectionCells */,
				4C9EA47D28C403390053FE38 /* CategoryCollectionCell */,
			);
			path = CollectionsCells;
			sourceTree = "<group>";
		};
		4C9EA47D28C403390053FE38 /* CategoryCollectionCell */ = {
			isa = PBXGroup;
			children = (
				4C9EA47E28C403610053FE38 /* CategoryCollectionViewCell.swift */,
				4C9EA47F28C403610053FE38 /* CategoryCollectionViewCell.xib */,
			);
			path = CategoryCollectionCell;
			sourceTree = "<group>";
		};
		4C9EA48928C40D690053FE38 /* PopularCollectionCells */ = {
			isa = PBXGroup;
			children = (
				4C9EA48A28C40D860053FE38 /* PopularCollectionViewCell.swift */,
				4C9EA48B28C40D860053FE38 /* PopularCollectionViewCell.xib */,
			);
			path = PopularCollectionCells;
			sourceTree = "<group>";
		};
		4C9EA48E28C4C8610053FE38 /* ChefCollectionViewCell */ = {
			isa = PBXGroup;
			children = (
				4C9EA48F28C4C8830053FE38 /* ChefCollectionViewCell.swift */,
				4C9EA49028C4C8830053FE38 /* ChefCollectionViewCell.xib */,
			);
			path = ChefCollectionViewCell;
			sourceTree = "<group>";
		};
		BB492CCDDD9870BA264476AC /* Pods */ = {
			isa = PBXGroup;
			children = (
				BF1C5A2ED25E56423410A300 /* Pods-Yummi.debug.xcconfig */,
				7175FDAA31D35EF866E97CD2 /* Pods-Yummi.staging.xcconfig */,
				6D6F76B6FEA54C97915022D7 /* Pods-Yummi.release.xcconfig */,
				32BB729745FDC68D7AEB1F75 /* Pods-Yummi-YummiUITests.debug.xcconfig */,
				A278A0995F1599A848395415 /* Pods-Yummi-YummiUITests.staging.xcconfig */,
				0ED66E059C69D942324DDD2E /* Pods-Yummi-YummiUITests.release.xcconfig */,
				D8C3A770FFF41223B32F8E1B /* Pods-YummiTests.debug.xcconfig */,
				66FA20142403EEEE036EE7C1 /* Pods-YummiTests.staging.xcconfig */,
				306EEA5EED86042119358BC9 /* Pods-YummiTests.release.xcconfig */,
			);
			path = Pods;
			sourceTree = "<group>";
		};
		E0196824B9620556DCDBCEC6 /* Frameworks */ = {
			isa = PBXGroup;
			children = (
				BC27F8FC6C7920E785B6E386 /* Pods_Yummi.framework */,
				8ACB9D16EF9AF2F8F97C62F9 /* Pods_Yummi_YummiUITests.framework */,
				2D860374EDC83585C38ADF18 /* Pods_YummiTests.framework */,
			);
			name = Frameworks;
			sourceTree = "<group>";
		};
/* End PBXGroup section */

/* Begin PBXNativeTarget section */
		4C9EA40628C3A83B0053FE38 /* Yummi */ = {
			isa = PBXNativeTarget;
			buildConfigurationList = 4C9EA43128C3A83F0053FE38 /* Build configuration list for PBXNativeTarget "Yummi" */;
			buildPhases = (
				854953B827264E7E66ED0FE4 /* [CP] Check Pods Manifest.lock */,
				4C9EA40328C3A83B0053FE38 /* Sources */,
				4C9EA40428C3A83B0053FE38 /* Frameworks */,
				4C9EA40528C3A83B0053FE38 /* Resources */,
				0AB3393662A3FAF1D5FEAD13 /* [CP] Embed Pods Frameworks */,
			);
			buildRules = (
			);
			dependencies = (
			);
			name = Yummi;
			productName = Yummi;
			productReference = 4C9EA40728C3A83B0053FE38 /* Yummi.app */;
			productType = "com.apple.product-type.application";
		};
		4C9EA41C28C3A83F0053FE38 /* YummiTests */ = {
			isa = PBXNativeTarget;
			buildConfigurationList = 4C9EA43428C3A83F0053FE38 /* Build configuration list for PBXNativeTarget "YummiTests" */;
			buildPhases = (
				7C256EECAB843D09084E10EE /* [CP] Check Pods Manifest.lock */,
				4C9EA41928C3A83F0053FE38 /* Sources */,
				4C9EA41A28C3A83F0053FE38 /* Frameworks */,
				4C9EA41B28C3A83F0053FE38 /* Resources */,
			);
			buildRules = (
			);
			dependencies = (
				4C9EA41F28C3A83F0053FE38 /* PBXTargetDependency */,
			);
			name = YummiTests;
			productName = YummiTests;
			productReference = 4C9EA41D28C3A83F0053FE38 /* YummiTests.xctest */;
			productType = "com.apple.product-type.bundle.unit-test";
		};
		4C9EA42628C3A83F0053FE38 /* YummiUITests */ = {
			isa = PBXNativeTarget;
			buildConfigurationList = 4C9EA43728C3A83F0053FE38 /* Build configuration list for PBXNativeTarget "YummiUITests" */;
			buildPhases = (
				A5876E38DEC69E20676941A7 /* [CP] Check Pods Manifest.lock */,
				4C9EA42328C3A83F0053FE38 /* Sources */,
				4C9EA42428C3A83F0053FE38 /* Frameworks */,
				4C9EA42528C3A83F0053FE38 /* Resources */,
				D27390C293E3C579EBAC5F00 /* [CP] Embed Pods Frameworks */,
			);
			buildRules = (
			);
			dependencies = (
				4C9EA42928C3A83F0053FE38 /* PBXTargetDependency */,
			);
			name = YummiUITests;
			productName = YummiUITests;
			productReference = 4C9EA42728C3A83F0053FE38 /* YummiUITests.xctest */;
			productType = "com.apple.product-type.bundle.ui-testing";
		};
/* End PBXNativeTarget section */

/* Begin PBXProject section */
		4C9EA3FF28C3A83B0053FE38 /* Project object */ = {
			isa = PBXProject;
			attributes = {
				BuildIndependentTargetsInParallel = 1;
				LastSwiftUpdateCheck = 1320;
				LastUpgradeCheck = 1320;
				TargetAttributes = {
					4C9EA40628C3A83B0053FE38 = {
						CreatedOnToolsVersion = 13.2.1;
					};
					4C9EA41C28C3A83F0053FE38 = {
						CreatedOnToolsVersion = 13.2.1;
						TestTargetID = 4C9EA40628C3A83B0053FE38;
					};
					4C9EA42628C3A83F0053FE38 = {
						CreatedOnToolsVersion = 13.2.1;
						TestTargetID = 4C9EA40628C3A83B0053FE38;
					};
				};
			};
			buildConfigurationList = 4C9EA40228C3A83B0053FE38 /* Build configuration list for PBXProject "Yummi" */;
			compatibilityVersion = "Xcode 13.0";
			developmentRegion = en;
			hasScannedForEncodings = 0;
			knownRegions = (
				en,
				Base,
			);
			mainGroup = 4C9EA3FE28C3A83B0053FE38;
			productRefGroup = 4C9EA40828C3A83B0053FE38 /* Products */;
			projectDirPath = "";
			projectRoot = "";
			targets = (
				4C9EA40628C3A83B0053FE38 /* Yummi */,
				4C9EA41C28C3A83F0053FE38 /* YummiTests */,
				4C9EA42628C3A83F0053FE38 /* YummiUITests */,
			);
		};
/* End PBXProject section */

/* Begin PBXResourcesBuildPhase section */
		4C9EA40528C3A83B0053FE38 /* Resources */ = {
			isa = PBXResourcesBuildPhase;
			buildActionMask = 2147483647;
			files = (
				4C9822AB28C682BE00C4D4F5 /* CartItemsTableViewCell.xib in Resources */,
				4C9EA41728C3A83F0053FE38 /* LaunchScreen.storyboard in Resources */,
				4C98229328C5448900C4D4F5 /* Cart.storyboard in Resources */,
				4C98229A28C635E400C4D4F5 /* Auth.storyboard in Resources */,
				4C9822B228C6846600C4D4F5 /* CategoryDetailsTableViewCell.xib in Resources */,
				4C9EA48128C403610053FE38 /* CategoryCollectionViewCell.xib in Resources */,
				4C9EA41428C3A83F0053FE38 /* Assets.xcassets in Resources */,
				4C9EA49228C4C8830053FE38 /* ChefCollectionViewCell.xib in Resources */,
				4C9EA41228C3A83B0053FE38 /* Main.storyboard in Resources */,
				4C9EA49428C4D0350053FE38 /* DishesDetails.storyboard in Resources */,
				4C9EA48D28C40D870053FE38 /* PopularCollectionViewCell.xib in Resources */,
				4C9EA46328C3AF600053FE38 /* OnBoarding.storyboard in Resources */,
			);
			runOnlyForDeploymentPostprocessing = 0;
		};
		4C9EA41B28C3A83F0053FE38 /* Resources */ = {
			isa = PBXResourcesBuildPhase;
			buildActionMask = 2147483647;
			files = (
			);
			runOnlyForDeploymentPostprocessing = 0;
		};
		4C9EA42528C3A83F0053FE38 /* Resources */ = {
			isa = PBXResourcesBuildPhase;
			buildActionMask = 2147483647;
			files = (
			);
			runOnlyForDeploymentPostprocessing = 0;
		};
/* End PBXResourcesBuildPhase section */

/* Begin PBXShellScriptBuildPhase section */
		0AB3393662A3FAF1D5FEAD13 /* [CP] Embed Pods Frameworks */ = {
			isa = PBXShellScriptBuildPhase;
			buildActionMask = 2147483647;
			files = (
			);
			inputFileListPaths = (
				"${PODS_ROOT}/Target Support Files/Pods-Yummi/Pods-Yummi-frameworks-${CONFIGURATION}-input-files.xcfilelist",
			);
			name = "[CP] Embed Pods Frameworks";
			outputFileListPaths = (
				"${PODS_ROOT}/Target Support Files/Pods-Yummi/Pods-Yummi-frameworks-${CONFIGURATION}-output-files.xcfilelist",
			);
			runOnlyForDeploymentPostprocessing = 0;
			shellPath = /bin/sh;
			shellScript = "\"${PODS_ROOT}/Target Support Files/Pods-Yummi/Pods-Yummi-frameworks.sh\"\n";
			showEnvVarsInLog = 0;
		};
		7C256EECAB843D09084E10EE /* [CP] Check Pods Manifest.lock */ = {
			isa = PBXShellScriptBuildPhase;
			buildActionMask = 2147483647;
			files = (
			);
			inputFileListPaths = (
			);
			inputPaths = (
				"${PODS_PODFILE_DIR_PATH}/Podfile.lock",
				"${PODS_ROOT}/Manifest.lock",
			);
			name = "[CP] Check Pods Manifest.lock";
			outputFileListPaths = (
			);
			outputPaths = (
				"$(DERIVED_FILE_DIR)/Pods-YummiTests-checkManifestLockResult.txt",
			);
			runOnlyForDeploymentPostprocessing = 0;
			shellPath = /bin/sh;
			shellScript = "diff \"${PODS_PODFILE_DIR_PATH}/Podfile.lock\" \"${PODS_ROOT}/Manifest.lock\" > /dev/null\nif [ $? != 0 ] ; then\n    # print error to STDERR\n    echo \"error: The sandbox is not in sync with the Podfile.lock. Run 'pod install' or update your CocoaPods installation.\" >&2\n    exit 1\nfi\n# This output is used by Xcode 'outputs' to avoid re-running this script phase.\necho \"SUCCESS\" > \"${SCRIPT_OUTPUT_FILE_0}\"\n";
			showEnvVarsInLog = 0;
		};
		854953B827264E7E66ED0FE4 /* [CP] Check Pods Manifest.lock */ = {
			isa = PBXShellScriptBuildPhase;
			buildActionMask = 2147483647;
			files = (
			);
			inputFileListPaths = (
			);
			inputPaths = (
				"${PODS_PODFILE_DIR_PATH}/Podfile.lock",
				"${PODS_ROOT}/Manifest.lock",
			);
			name = "[CP] Check Pods Manifest.lock";
			outputFileListPaths = (
			);
			outputPaths = (
				"$(DERIVED_FILE_DIR)/Pods-Yummi-checkManifestLockResult.txt",
			);
			runOnlyForDeploymentPostprocessing = 0;
			shellPath = /bin/sh;
			shellScript = "diff \"${PODS_PODFILE_DIR_PATH}/Podfile.lock\" \"${PODS_ROOT}/Manifest.lock\" > /dev/null\nif [ $? != 0 ] ; then\n    # print error to STDERR\n    echo \"error: The sandbox is not in sync with the Podfile.lock. Run 'pod install' or update your CocoaPods installation.\" >&2\n    exit 1\nfi\n# This output is used by Xcode 'outputs' to avoid re-running this script phase.\necho \"SUCCESS\" > \"${SCRIPT_OUTPUT_FILE_0}\"\n";
			showEnvVarsInLog = 0;
		};
		A5876E38DEC69E20676941A7 /* [CP] Check Pods Manifest.lock */ = {
			isa = PBXShellScriptBuildPhase;
			buildActionMask = 2147483647;
			files = (
			);
			inputFileListPaths = (
			);
			inputPaths = (
				"${PODS_PODFILE_DIR_PATH}/Podfile.lock",
				"${PODS_ROOT}/Manifest.lock",
			);
			name = "[CP] Check Pods Manifest.lock";
			outputFileListPaths = (
			);
			outputPaths = (
				"$(DERIVED_FILE_DIR)/Pods-Yummi-YummiUITests-checkManifestLockResult.txt",
			);
			runOnlyForDeploymentPostprocessing = 0;
			shellPath = /bin/sh;
			shellScript = "diff \"${PODS_PODFILE_DIR_PATH}/Podfile.lock\" \"${PODS_ROOT}/Manifest.lock\" > /dev/null\nif [ $? != 0 ] ; then\n    # print error to STDERR\n    echo \"error: The sandbox is not in sync with the Podfile.lock. Run 'pod install' or update your CocoaPods installation.\" >&2\n    exit 1\nfi\n# This output is used by Xcode 'outputs' to avoid re-running this script phase.\necho \"SUCCESS\" > \"${SCRIPT_OUTPUT_FILE_0}\"\n";
			showEnvVarsInLog = 0;
		};
		D27390C293E3C579EBAC5F00 /* [CP] Embed Pods Frameworks */ = {
			isa = PBXShellScriptBuildPhase;
			buildActionMask = 2147483647;
			files = (
			);
			inputFileListPaths = (
				"${PODS_ROOT}/Target Support Files/Pods-Yummi-YummiUITests/Pods-Yummi-YummiUITests-frameworks-${CONFIGURATION}-input-files.xcfilelist",
			);
			name = "[CP] Embed Pods Frameworks";
			outputFileListPaths = (
				"${PODS_ROOT}/Target Support Files/Pods-Yummi-YummiUITests/Pods-Yummi-YummiUITests-frameworks-${CONFIGURATION}-output-files.xcfilelist",
			);
			runOnlyForDeploymentPostprocessing = 0;
			shellPath = /bin/sh;
			shellScript = "\"${PODS_ROOT}/Target Support Files/Pods-Yummi-YummiUITests/Pods-Yummi-YummiUITests-frameworks.sh\"\n";
			showEnvVarsInLog = 0;
		};
/* End PBXShellScriptBuildPhase section */

/* Begin PBXSourcesBuildPhase section */
		4C9EA40328C3A83B0053FE38 /* Sources */ = {
			isa = PBXSourcesBuildPhase;
			buildActionMask = 2147483647;
			files = (
				4C9EA44F28C3A9F00053FE38 /* HTTPHeaders.swift in Sources */,
				4C9EA46F28C3B8990053FE38 /* SlideCollectionViewCell.swift in Sources */,
				4C98229828C55EC800C4D4F5 /* NotificationsTableViewController.swift in Sources */,
				4C9EA45928C3AB390053FE38 /* Bundle.swift in Sources */,
				4C9822AD28C6842E00C4D4F5 /* CategoryDetailsViewController.swift in Sources */,
				4C9EA44D28C3A9E00053FE38 /* HTTPMethods.swift in Sources */,
				4C98229628C5450D00C4D4F5 /* CartViewController.swift in Sources */,
				4C9EA45D28C3AB600053FE38 /* StringLocalization.swift in Sources */,
				4C98229F28C63A5700C4D4F5 /* KeychainPasswordItem.swift in Sources */,
				4C9EA44928C3A9B10053FE38 /* Results.swift in Sources */,
				4C9EA45528C3AAAE0053FE38 /* AppManager.swift in Sources */,
				4C9EA45328C3AA0B0053FE38 /* APiErrors.swift in Sources */,
				4C9822B128C6846600C4D4F5 /* CategoryDetailsTableViewCell.swift in Sources */,
				4C9EA40F28C3A83B0053FE38 /* HomeViewController.swift in Sources */,
				4C9EA44628C3A9930053FE38 /* AuthClient.swift in Sources */,
				4C9822A128C63CEE00C4D4F5 /* TouchIDAuthentication.swift in Sources */,
				4C9EA47628C3D48F0053FE38 /* Configuration.swift in Sources */,
				4C9EA48528C404E60053FE38 /* CategoryPresenter.swift in Sources */,
				4C9EA40B28C3A83B0053FE38 /* AppDelegate.swift in Sources */,
				4C98228F28C4D39600C4D4F5 /* DishesDetailsViewController.swift in Sources */,
				4C9EA45728C3AABB0053FE38 /* Utitlites.swift in Sources */,
				4C9EA48328C404CD0053FE38 /* CategoryModel.swift in Sources */,
				4C98229128C5372C00C4D4F5 /* ViewControllerNavigators.swift in Sources */,
				4C9EA46C28C3B66A0053FE38 /* StaticDataModel.swift in Sources */,
				4C9EA49128C4C8830053FE38 /* ChefCollectionViewCell.swift in Sources */,
				4C9822A428C6425400C4D4F5 /* Auth.xcdatamodeld in Sources */,
				4C9EA45128C3A9FE0053FE38 /* EndPoints.swift in Sources */,
				4C98229D28C6362C00C4D4F5 /* AuthViewController.swift in Sources */,
				4C9EA40D28C3A83B0053FE38 /* SceneDelegate.swift in Sources */,
				4C9EA48028C403610053FE38 /* CategoryCollectionViewCell.swift in Sources */,
				4C9EA45B28C3AB490053FE38 /* Vibration.swift in Sources */,
				4C9822A628C6800400C4D4F5 /* Config.swift in Sources */,
				4C9EA44428C3A97E0053FE38 /* AuthFeeds.swift in Sources */,
				4C9EA46828C3B29B0053FE38 /* OnBoardingViewController.swift in Sources */,
				4C9822AA28C682BE00C4D4F5 /* CartItemsTableViewCell.swift in Sources */,
				4C9EA48728C406AD0053FE38 /* StringURLs.swift in Sources */,
				4C9EA44B28C3A9CB0053FE38 /* APiClient.swift in Sources */,
				4C9EA48C28C40D860053FE38 /* PopularCollectionViewCell.swift in Sources */,
				4C9EA46A28C3B54D0053FE38 /* UIViews.swift in Sources */,
				4C9EA46128C3ABDD0053FE38 /* Global.swift in Sources */,
			);
			runOnlyForDeploymentPostprocessing = 0;
		};
		4C9EA41928C3A83F0053FE38 /* Sources */ = {
			isa = PBXSourcesBuildPhase;
			buildActionMask = 2147483647;
			files = (
				4C9EA42228C3A83F0053FE38 /* YummiTests.swift in Sources */,
			);
			runOnlyForDeploymentPostprocessing = 0;
		};
		4C9EA42328C3A83F0053FE38 /* Sources */ = {
			isa = PBXSourcesBuildPhase;
			buildActionMask = 2147483647;
			files = (
				4C9EA42E28C3A83F0053FE38 /* YummiUITestsLaunchTests.swift in Sources */,
				4C9EA42C28C3A83F0053FE38 /* YummiUITests.swift in Sources */,
			);
			runOnlyForDeploymentPostprocessing = 0;
		};
/* End PBXSourcesBuildPhase section */

/* Begin PBXTargetDependency section */
		4C9EA41F28C3A83F0053FE38 /* PBXTargetDependency */ = {
			isa = PBXTargetDependency;
			target = 4C9EA40628C3A83B0053FE38 /* Yummi */;
			targetProxy = 4C9EA41E28C3A83F0053FE38 /* PBXContainerItemProxy */;
		};
		4C9EA42928C3A83F0053FE38 /* PBXTargetDependency */ = {
			isa = PBXTargetDependency;
			target = 4C9EA40628C3A83B0053FE38 /* Yummi */;
			targetProxy = 4C9EA42828C3A83F0053FE38 /* PBXContainerItemProxy */;
		};
/* End PBXTargetDependency section */

/* Begin PBXVariantGroup section */
		4C9EA41028C3A83B0053FE38 /* Main.storyboard */ = {
			isa = PBXVariantGroup;
			children = (
				4C9EA41128C3A83B0053FE38 /* Base */,
			);
			name = Main.storyboard;
			sourceTree = "<group>";
		};
		4C9EA41528C3A83F0053FE38 /* LaunchScreen.storyboard */ = {
			isa = PBXVariantGroup;
			children = (
				4C9EA41628C3A83F0053FE38 /* Base */,
			);
			name = LaunchScreen.storyboard;
			sourceTree = "<group>";
		};
/* End PBXVariantGroup section */

/* Begin XCBuildConfiguration section */
		4C9EA42F28C3A83F0053FE38 /* Debug */ = {
			isa = XCBuildConfiguration;
			buildSettings = {
				ALWAYS_SEARCH_USER_PATHS = NO;
				CLANG_ANALYZER_NONNULL = YES;
				CLANG_ANALYZER_NUMBER_OBJECT_CONVERSION = YES_AGGRESSIVE;
				CLANG_CXX_LANGUAGE_STANDARD = "gnu++17";
				CLANG_CXX_LIBRARY = "libc++";
				CLANG_ENABLE_MODULES = YES;
				CLANG_ENABLE_OBJC_ARC = YES;
				CLANG_ENABLE_OBJC_WEAK = YES;
				CLANG_WARN_BLOCK_CAPTURE_AUTORELEASING = YES;
				CLANG_WARN_BOOL_CONVERSION = YES;
				CLANG_WARN_COMMA = YES;
				CLANG_WARN_CONSTANT_CONVERSION = YES;
				CLANG_WARN_DEPRECATED_OBJC_IMPLEMENTATIONS = YES;
				CLANG_WARN_DIRECT_OBJC_ISA_USAGE = YES_ERROR;
				CLANG_WARN_DOCUMENTATION_COMMENTS = YES;
				CLANG_WARN_EMPTY_BODY = YES;
				CLANG_WARN_ENUM_CONVERSION = YES;
				CLANG_WARN_INFINITE_RECURSION = YES;
				CLANG_WARN_INT_CONVERSION = YES;
				CLANG_WARN_NON_LITERAL_NULL_CONVERSION = YES;
				CLANG_WARN_OBJC_IMPLICIT_RETAIN_SELF = YES;
				CLANG_WARN_OBJC_LITERAL_CONVERSION = YES;
				CLANG_WARN_OBJC_ROOT_CLASS = YES_ERROR;
				CLANG_WARN_QUOTED_INCLUDE_IN_FRAMEWORK_HEADER = YES;
				CLANG_WARN_RANGE_LOOP_ANALYSIS = YES;
				CLANG_WARN_STRICT_PROTOTYPES = YES;
				CLANG_WARN_SUSPICIOUS_MOVE = YES;
				CLANG_WARN_UNGUARDED_AVAILABILITY = YES_AGGRESSIVE;
				CLANG_WARN_UNREACHABLE_CODE = YES;
				CLANG_WARN__DUPLICATE_METHOD_MATCH = YES;
				COPY_PHASE_STRIP = NO;
				DEBUG_INFORMATION_FORMAT = dwarf;
				ENABLE_STRICT_OBJC_MSGSEND = YES;
				ENABLE_TESTABILITY = YES;
				GCC_C_LANGUAGE_STANDARD = gnu11;
				GCC_DYNAMIC_NO_PIC = NO;
				GCC_NO_COMMON_BLOCKS = YES;
				GCC_OPTIMIZATION_LEVEL = 0;
				GCC_PREPROCESSOR_DEFINITIONS = (
					"DEBUG=1",
					"$(inherited)",
				);
				GCC_WARN_64_TO_32_BIT_CONVERSION = YES;
				GCC_WARN_ABOUT_RETURN_TYPE = YES_ERROR;
				GCC_WARN_UNDECLARED_SELECTOR = YES;
				GCC_WARN_UNINITIALIZED_AUTOS = YES_AGGRESSIVE;
				GCC_WARN_UNUSED_FUNCTION = YES;
				GCC_WARN_UNUSED_VARIABLE = YES;
				IPHONEOS_DEPLOYMENT_TARGET = 13.0;
				MTL_ENABLE_DEBUG_INFO = INCLUDE_SOURCE;
				MTL_FAST_MATH = YES;
				ONLY_ACTIVE_ARCH = YES;
				SDKROOT = iphoneos;
				SWIFT_ACTIVE_COMPILATION_CONDITIONS = DEBUG;
				SWIFT_OPTIMIZATION_LEVEL = "-Onone";
			};
			name = Debug;
		};
		4C9EA43028C3A83F0053FE38 /* Release */ = {
			isa = XCBuildConfiguration;
			buildSettings = {
				ALWAYS_SEARCH_USER_PATHS = NO;
				CLANG_ANALYZER_NONNULL = YES;
				CLANG_ANALYZER_NUMBER_OBJECT_CONVERSION = YES_AGGRESSIVE;
				CLANG_CXX_LANGUAGE_STANDARD = "gnu++17";
				CLANG_CXX_LIBRARY = "libc++";
				CLANG_ENABLE_MODULES = YES;
				CLANG_ENABLE_OBJC_ARC = YES;
				CLANG_ENABLE_OBJC_WEAK = YES;
				CLANG_WARN_BLOCK_CAPTURE_AUTORELEASING = YES;
				CLANG_WARN_BOOL_CONVERSION = YES;
				CLANG_WARN_COMMA = YES;
				CLANG_WARN_CONSTANT_CONVERSION = YES;
				CLANG_WARN_DEPRECATED_OBJC_IMPLEMENTATIONS = YES;
				CLANG_WARN_DIRECT_OBJC_ISA_USAGE = YES_ERROR;
				CLANG_WARN_DOCUMENTATION_COMMENTS = YES;
				CLANG_WARN_EMPTY_BODY = YES;
				CLANG_WARN_ENUM_CONVERSION = YES;
				CLANG_WARN_INFINITE_RECURSION = YES;
				CLANG_WARN_INT_CONVERSION = YES;
				CLANG_WARN_NON_LITERAL_NULL_CONVERSION = YES;
				CLANG_WARN_OBJC_IMPLICIT_RETAIN_SELF = YES;
				CLANG_WARN_OBJC_LITERAL_CONVERSION = YES;
				CLANG_WARN_OBJC_ROOT_CLASS = YES_ERROR;
				CLANG_WARN_QUOTED_INCLUDE_IN_FRAMEWORK_HEADER = YES;
				CLANG_WARN_RANGE_LOOP_ANALYSIS = YES;
				CLANG_WARN_STRICT_PROTOTYPES = YES;
				CLANG_WARN_SUSPICIOUS_MOVE = YES;
				CLANG_WARN_UNGUARDED_AVAILABILITY = YES_AGGRESSIVE;
				CLANG_WARN_UNREACHABLE_CODE = YES;
				CLANG_WARN__DUPLICATE_METHOD_MATCH = YES;
				COPY_PHASE_STRIP = NO;
				DEBUG_INFORMATION_FORMAT = "dwarf-with-dsym";
				ENABLE_NS_ASSERTIONS = NO;
				ENABLE_STRICT_OBJC_MSGSEND = YES;
				GCC_C_LANGUAGE_STANDARD = gnu11;
				GCC_NO_COMMON_BLOCKS = YES;
				GCC_WARN_64_TO_32_BIT_CONVERSION = YES;
				GCC_WARN_ABOUT_RETURN_TYPE = YES_ERROR;
				GCC_WARN_UNDECLARED_SELECTOR = YES;
				GCC_WARN_UNINITIALIZED_AUTOS = YES_AGGRESSIVE;
				GCC_WARN_UNUSED_FUNCTION = YES;
				GCC_WARN_UNUSED_VARIABLE = YES;
				IPHONEOS_DEPLOYMENT_TARGET = 13.0;
				MTL_ENABLE_DEBUG_INFO = NO;
				MTL_FAST_MATH = YES;
				SDKROOT = iphoneos;
				SWIFT_COMPILATION_MODE = wholemodule;
				SWIFT_OPTIMIZATION_LEVEL = "-O";
				VALIDATE_PRODUCT = YES;
			};
			name = Release;
		};
		4C9EA43228C3A83F0053FE38 /* Debug */ = {
			isa = XCBuildConfiguration;
			baseConfigurationReference = BF1C5A2ED25E56423410A300 /* Pods-Yummi.debug.xcconfig */;
			buildSettings = {
				ASSETCATALOG_COMPILER_APPICON_NAME = AppIcon;
				ASSETCATALOG_COMPILER_GLOBAL_ACCENT_COLOR_NAME = AccentColor;
				ASSETCATALOG_COMPILER_INCLUDE_ALL_APPICON_ASSETS = YES;
				CODE_SIGN_STYLE = Automatic;
				CURRENT_PROJECT_VERSION = 1;
				DEVELOPMENT_TEAM = 2C4XF58Z9A;
				GENERATE_INFOPLIST_FILE = YES;
				INFOPLIST_FILE = Yummi/Info.plist;
				INFOPLIST_KEY_UIApplicationSupportsIndirectInputEvents = YES;
				INFOPLIST_KEY_UILaunchStoryboardName = LaunchScreen;
				INFOPLIST_KEY_UIMainStoryboardFile = OnBoarding;
				INFOPLIST_KEY_UISupportedInterfaceOrientations = "UIInterfaceOrientationPortrait UIInterfaceOrientationPortraitUpsideDown";
				INFOPLIST_KEY_UISupportedInterfaceOrientations_iPad = "UIInterfaceOrientationPortrait UIInterfaceOrientationPortraitUpsideDown UIInterfaceOrientationLandscapeLeft UIInterfaceOrientationLandscapeRight";
				INFOPLIST_KEY_UISupportedInterfaceOrientations_iPhone = "UIInterfaceOrientationPortrait UIInterfaceOrientationLandscapeLeft UIInterfaceOrientationLandscapeRight";
				LD_RUNPATH_SEARCH_PATHS = (
					"$(inherited)",
					"@executable_path/Frameworks",
				);
				MARKETING_VERSION = 1.0;
				PRODUCT_BUNDLE_IDENTIFIER = yummi.app.Yummi;
				PRODUCT_NAME = "$(TARGET_NAME)";
				SWIFT_EMIT_LOC_STRINGS = YES;
				SWIFT_VERSION = 5.0;
				TARGETED_DEVICE_FAMILY = "1,2";
			};
			name = Debug;
		};
		4C9EA43328C3A83F0053FE38 /* Release */ = {
			isa = XCBuildConfiguration;
			baseConfigurationReference = 6D6F76B6FEA54C97915022D7 /* Pods-Yummi.release.xcconfig */;
			buildSettings = {
				ASSETCATALOG_COMPILER_APPICON_NAME = AppIcon;
				ASSETCATALOG_COMPILER_GLOBAL_ACCENT_COLOR_NAME = AccentColor;
				ASSETCATALOG_COMPILER_INCLUDE_ALL_APPICON_ASSETS = YES;
				CODE_SIGN_STYLE = Automatic;
				CURRENT_PROJECT_VERSION = 1;
				DEVELOPMENT_TEAM = 2C4XF58Z9A;
				GENERATE_INFOPLIST_FILE = YES;
				INFOPLIST_FILE = Yummi/Info.plist;
				INFOPLIST_KEY_UIApplicationSupportsIndirectInputEvents = YES;
				INFOPLIST_KEY_UILaunchStoryboardName = LaunchScreen;
				INFOPLIST_KEY_UIMainStoryboardFile = OnBoarding;
				INFOPLIST_KEY_UISupportedInterfaceOrientations = "UIInterfaceOrientationPortrait UIInterfaceOrientationPortraitUpsideDown";
				INFOPLIST_KEY_UISupportedInterfaceOrientations_iPad = "UIInterfaceOrientationPortrait UIInterfaceOrientationPortraitUpsideDown UIInterfaceOrientationLandscapeLeft UIInterfaceOrientationLandscapeRight";
				INFOPLIST_KEY_UISupportedInterfaceOrientations_iPhone = "UIInterfaceOrientationPortrait UIInterfaceOrientationLandscapeLeft UIInterfaceOrientationLandscapeRight";
				LD_RUNPATH_SEARCH_PATHS = (
					"$(inherited)",
					"@executable_path/Frameworks",
				);
				MARKETING_VERSION = 1.0;
				PRODUCT_BUNDLE_IDENTIFIER = yummi.app.Yummi;
				PRODUCT_NAME = "$(TARGET_NAME)";
				SWIFT_EMIT_LOC_STRINGS = YES;
				SWIFT_VERSION = 5.0;
				TARGETED_DEVICE_FAMILY = "1,2";
			};
			name = Release;
		};
		4C9EA43528C3A83F0053FE38 /* Debug */ = {
			isa = XCBuildConfiguration;
			baseConfigurationReference = D8C3A770FFF41223B32F8E1B /* Pods-YummiTests.debug.xcconfig */;
			buildSettings = {
				ALWAYS_EMBED_SWIFT_STANDARD_LIBRARIES = YES;
				BUNDLE_LOADER = "$(TEST_HOST)";
				CODE_SIGN_STYLE = Automatic;
				CURRENT_PROJECT_VERSION = 1;
				DEVELOPMENT_TEAM = 2C4XF58Z9A;
				GENERATE_INFOPLIST_FILE = YES;
				IPHONEOS_DEPLOYMENT_TARGET = 15.2;
				MARKETING_VERSION = 1.0;
				PRODUCT_BUNDLE_IDENTIFIER = yummi.app.YummiTests;
				PRODUCT_NAME = "$(TARGET_NAME)";
				SWIFT_EMIT_LOC_STRINGS = NO;
				SWIFT_VERSION = 5.0;
				TARGETED_DEVICE_FAMILY = "1,2";
				TEST_HOST = "$(BUILT_PRODUCTS_DIR)/Yummi.app/Yummi";
			};
			name = Debug;
		};
		4C9EA43628C3A83F0053FE38 /* Release */ = {
			isa = XCBuildConfiguration;
			baseConfigurationReference = 306EEA5EED86042119358BC9 /* Pods-YummiTests.release.xcconfig */;
			buildSettings = {
				ALWAYS_EMBED_SWIFT_STANDARD_LIBRARIES = YES;
				BUNDLE_LOADER = "$(TEST_HOST)";
				CODE_SIGN_STYLE = Automatic;
				CURRENT_PROJECT_VERSION = 1;
				DEVELOPMENT_TEAM = 2C4XF58Z9A;
				GENERATE_INFOPLIST_FILE = YES;
				IPHONEOS_DEPLOYMENT_TARGET = 15.2;
				MARKETING_VERSION = 1.0;
				PRODUCT_BUNDLE_IDENTIFIER = yummi.app.YummiTests;
				PRODUCT_NAME = "$(TARGET_NAME)";
				SWIFT_EMIT_LOC_STRINGS = NO;
				SWIFT_VERSION = 5.0;
				TARGETED_DEVICE_FAMILY = "1,2";
				TEST_HOST = "$(BUILT_PRODUCTS_DIR)/Yummi.app/Yummi";
			};
			name = Release;
		};
		4C9EA43828C3A83F0053FE38 /* Debug */ = {
			isa = XCBuildConfiguration;
			baseConfigurationReference = 32BB729745FDC68D7AEB1F75 /* Pods-Yummi-YummiUITests.debug.xcconfig */;
			buildSettings = {
				ALWAYS_EMBED_SWIFT_STANDARD_LIBRARIES = YES;
				CODE_SIGN_STYLE = Automatic;
				CURRENT_PROJECT_VERSION = 1;
				DEVELOPMENT_TEAM = 2C4XF58Z9A;
				GENERATE_INFOPLIST_FILE = YES;
				MARKETING_VERSION = 1.0;
				PRODUCT_BUNDLE_IDENTIFIER = yummi.app.YummiUITests;
				PRODUCT_NAME = "$(TARGET_NAME)";
				SWIFT_EMIT_LOC_STRINGS = NO;
				SWIFT_VERSION = 5.0;
				TARGETED_DEVICE_FAMILY = "1,2";
				TEST_TARGET_NAME = Yummi;
			};
			name = Debug;
		};
		4C9EA43928C3A83F0053FE38 /* Release */ = {
			isa = XCBuildConfiguration;
			baseConfigurationReference = 0ED66E059C69D942324DDD2E /* Pods-Yummi-YummiUITests.release.xcconfig */;
			buildSettings = {
				ALWAYS_EMBED_SWIFT_STANDARD_LIBRARIES = YES;
				CODE_SIGN_STYLE = Automatic;
				CURRENT_PROJECT_VERSION = 1;
				DEVELOPMENT_TEAM = 2C4XF58Z9A;
				GENERATE_INFOPLIST_FILE = YES;
				MARKETING_VERSION = 1.0;
				PRODUCT_BUNDLE_IDENTIFIER = yummi.app.YummiUITests;
				PRODUCT_NAME = "$(TARGET_NAME)";
				SWIFT_EMIT_LOC_STRINGS = NO;
				SWIFT_VERSION = 5.0;
				TARGETED_DEVICE_FAMILY = "1,2";
				TEST_TARGET_NAME = Yummi;
			};
			name = Release;
		};
		4C9EA47128C3D3EC0053FE38 /* Staging */ = {
			isa = XCBuildConfiguration;
			buildSettings = {
				ALWAYS_SEARCH_USER_PATHS = NO;
				CLANG_ANALYZER_NONNULL = YES;
				CLANG_ANALYZER_NUMBER_OBJECT_CONVERSION = YES_AGGRESSIVE;
				CLANG_CXX_LANGUAGE_STANDARD = "gnu++17";
				CLANG_CXX_LIBRARY = "libc++";
				CLANG_ENABLE_MODULES = YES;
				CLANG_ENABLE_OBJC_ARC = YES;
				CLANG_ENABLE_OBJC_WEAK = YES;
				CLANG_WARN_BLOCK_CAPTURE_AUTORELEASING = YES;
				CLANG_WARN_BOOL_CONVERSION = YES;
				CLANG_WARN_COMMA = YES;
				CLANG_WARN_CONSTANT_CONVERSION = YES;
				CLANG_WARN_DEPRECATED_OBJC_IMPLEMENTATIONS = YES;
				CLANG_WARN_DIRECT_OBJC_ISA_USAGE = YES_ERROR;
				CLANG_WARN_DOCUMENTATION_COMMENTS = YES;
				CLANG_WARN_EMPTY_BODY = YES;
				CLANG_WARN_ENUM_CONVERSION = YES;
				CLANG_WARN_INFINITE_RECURSION = YES;
				CLANG_WARN_INT_CONVERSION = YES;
				CLANG_WARN_NON_LITERAL_NULL_CONVERSION = YES;
				CLANG_WARN_OBJC_IMPLICIT_RETAIN_SELF = YES;
				CLANG_WARN_OBJC_LITERAL_CONVERSION = YES;
				CLANG_WARN_OBJC_ROOT_CLASS = YES_ERROR;
				CLANG_WARN_QUOTED_INCLUDE_IN_FRAMEWORK_HEADER = YES;
				CLANG_WARN_RANGE_LOOP_ANALYSIS = YES;
				CLANG_WARN_STRICT_PROTOTYPES = YES;
				CLANG_WARN_SUSPICIOUS_MOVE = YES;
				CLANG_WARN_UNGUARDED_AVAILABILITY = YES_AGGRESSIVE;
				CLANG_WARN_UNREACHABLE_CODE = YES;
				CLANG_WARN__DUPLICATE_METHOD_MATCH = YES;
				COPY_PHASE_STRIP = NO;
				DEBUG_INFORMATION_FORMAT = dwarf;
				ENABLE_STRICT_OBJC_MSGSEND = YES;
				ENABLE_TESTABILITY = YES;
				GCC_C_LANGUAGE_STANDARD = gnu11;
				GCC_DYNAMIC_NO_PIC = NO;
				GCC_NO_COMMON_BLOCKS = YES;
				GCC_OPTIMIZATION_LEVEL = 0;
				GCC_PREPROCESSOR_DEFINITIONS = (
					"DEBUG=1",
					"$(inherited)",
				);
				GCC_WARN_64_TO_32_BIT_CONVERSION = YES;
				GCC_WARN_ABOUT_RETURN_TYPE = YES_ERROR;
				GCC_WARN_UNDECLARED_SELECTOR = YES;
				GCC_WARN_UNINITIALIZED_AUTOS = YES_AGGRESSIVE;
				GCC_WARN_UNUSED_FUNCTION = YES;
				GCC_WARN_UNUSED_VARIABLE = YES;
				IPHONEOS_DEPLOYMENT_TARGET = 13.0;
				MTL_ENABLE_DEBUG_INFO = INCLUDE_SOURCE;
				MTL_FAST_MATH = YES;
				ONLY_ACTIVE_ARCH = YES;
				SDKROOT = iphoneos;
				SWIFT_ACTIVE_COMPILATION_CONDITIONS = DEBUG;
				SWIFT_OPTIMIZATION_LEVEL = "-Onone";
			};
			name = Staging;
		};
		4C9EA47228C3D3EC0053FE38 /* Staging */ = {
			isa = XCBuildConfiguration;
			baseConfigurationReference = 7175FDAA31D35EF866E97CD2 /* Pods-Yummi.staging.xcconfig */;
			buildSettings = {
				ASSETCATALOG_COMPILER_APPICON_NAME = AppIcon;
				ASSETCATALOG_COMPILER_GLOBAL_ACCENT_COLOR_NAME = AccentColor;
				ASSETCATALOG_COMPILER_INCLUDE_ALL_APPICON_ASSETS = YES;
				CODE_SIGN_STYLE = Automatic;
				CURRENT_PROJECT_VERSION = 1;
				DEVELOPMENT_TEAM = 2C4XF58Z9A;
				GENERATE_INFOPLIST_FILE = YES;
				INFOPLIST_FILE = Yummi/Info.plist;
				INFOPLIST_KEY_UIApplicationSupportsIndirectInputEvents = YES;
				INFOPLIST_KEY_UILaunchStoryboardName = LaunchScreen;
				INFOPLIST_KEY_UIMainStoryboardFile = OnBoarding;
				INFOPLIST_KEY_UISupportedInterfaceOrientations = "UIInterfaceOrientationPortrait UIInterfaceOrientationPortraitUpsideDown";
				INFOPLIST_KEY_UISupportedInterfaceOrientations_iPad = "UIInterfaceOrientationPortrait UIInterfaceOrientationPortraitUpsideDown UIInterfaceOrientationLandscapeLeft UIInterfaceOrientationLandscapeRight";
				INFOPLIST_KEY_UISupportedInterfaceOrientations_iPhone = "UIInterfaceOrientationPortrait UIInterfaceOrientationLandscapeLeft UIInterfaceOrientationLandscapeRight";
				LD_RUNPATH_SEARCH_PATHS = (
					"$(inherited)",
					"@executable_path/Frameworks",
				);
				MARKETING_VERSION = 1.0;
				PRODUCT_BUNDLE_IDENTIFIER = yummi.app.Yummi;
				PRODUCT_NAME = "$(TARGET_NAME)";
				SWIFT_EMIT_LOC_STRINGS = YES;
				SWIFT_VERSION = 5.0;
				TARGETED_DEVICE_FAMILY = "1,2";
			};
			name = Staging;
		};
		4C9EA47328C3D3EC0053FE38 /* Staging */ = {
			isa = XCBuildConfiguration;
			baseConfigurationReference = 66FA20142403EEEE036EE7C1 /* Pods-YummiTests.staging.xcconfig */;
			buildSettings = {
				ALWAYS_EMBED_SWIFT_STANDARD_LIBRARIES = YES;
				BUNDLE_LOADER = "$(TEST_HOST)";
				CODE_SIGN_STYLE = Automatic;
				CURRENT_PROJECT_VERSION = 1;
				DEVELOPMENT_TEAM = 2C4XF58Z9A;
				GENERATE_INFOPLIST_FILE = YES;
				IPHONEOS_DEPLOYMENT_TARGET = 15.2;
				MARKETING_VERSION = 1.0;
				PRODUCT_BUNDLE_IDENTIFIER = yummi.app.YummiTests;
				PRODUCT_NAME = "$(TARGET_NAME)";
				SWIFT_EMIT_LOC_STRINGS = NO;
				SWIFT_VERSION = 5.0;
				TARGETED_DEVICE_FAMILY = "1,2";
				TEST_HOST = "$(BUILT_PRODUCTS_DIR)/Yummi.app/Yummi";
			};
			name = Staging;
		};
		4C9EA47428C3D3EC0053FE38 /* Staging */ = {
			isa = XCBuildConfiguration;
			baseConfigurationReference = A278A0995F1599A848395415 /* Pods-Yummi-YummiUITests.staging.xcconfig */;
			buildSettings = {
				ALWAYS_EMBED_SWIFT_STANDARD_LIBRARIES = YES;
				CODE_SIGN_STYLE = Automatic;
				CURRENT_PROJECT_VERSION = 1;
				DEVELOPMENT_TEAM = 2C4XF58Z9A;
				GENERATE_INFOPLIST_FILE = YES;
				MARKETING_VERSION = 1.0;
				PRODUCT_BUNDLE_IDENTIFIER = yummi.app.YummiUITests;
				PRODUCT_NAME = "$(TARGET_NAME)";
				SWIFT_EMIT_LOC_STRINGS = NO;
				SWIFT_VERSION = 5.0;
				TARGETED_DEVICE_FAMILY = "1,2";
				TEST_TARGET_NAME = Yummi;
			};
			name = Staging;
		};
/* End XCBuildConfiguration section */

/* Begin XCConfigurationList section */
		4C9EA40228C3A83B0053FE38 /* Build configuration list for PBXProject "Yummi" */ = {
			isa = XCConfigurationList;
			buildConfigurations = (
				4C9EA42F28C3A83F0053FE38 /* Debug */,
				4C9EA47128C3D3EC0053FE38 /* Staging */,
				4C9EA43028C3A83F0053FE38 /* Release */,
			);
			defaultConfigurationIsVisible = 0;
			defaultConfigurationName = Staging;
		};
		4C9EA43128C3A83F0053FE38 /* Build configuration list for PBXNativeTarget "Yummi" */ = {
			isa = XCConfigurationList;
			buildConfigurations = (
				4C9EA43228C3A83F0053FE38 /* Debug */,
				4C9EA47228C3D3EC0053FE38 /* Staging */,
				4C9EA43328C3A83F0053FE38 /* Release */,
			);
			defaultConfigurationIsVisible = 0;
			defaultConfigurationName = Staging;
		};
		4C9EA43428C3A83F0053FE38 /* Build configuration list for PBXNativeTarget "YummiTests" */ = {
			isa = XCConfigurationList;
			buildConfigurations = (
				4C9EA43528C3A83F0053FE38 /* Debug */,
				4C9EA47328C3D3EC0053FE38 /* Staging */,
				4C9EA43628C3A83F0053FE38 /* Release */,
			);
			defaultConfigurationIsVisible = 0;
			defaultConfigurationName = Staging;
		};
		4C9EA43728C3A83F0053FE38 /* Build configuration list for PBXNativeTarget "YummiUITests" */ = {
			isa = XCConfigurationList;
			buildConfigurations = (
				4C9EA43828C3A83F0053FE38 /* Debug */,
				4C9EA47428C3D3EC0053FE38 /* Staging */,
				4C9EA43928C3A83F0053FE38 /* Release */,
			);
			defaultConfigurationIsVisible = 0;
			defaultConfigurationName = Staging;
		};
/* End XCConfigurationList section */

/* Begin XCVersionGroup section */
		4C9822A228C6425400C4D4F5 /* Auth.xcdatamodeld */ = {
			isa = XCVersionGroup;
			children = (
				4C9822A328C6425400C4D4F5 /* Auth.xcdatamodel */,
			);
			currentVersion = 4C9822A328C6425400C4D4F5 /* Auth.xcdatamodel */;
			path = Auth.xcdatamodeld;
			sourceTree = "<group>";
			versionGroupType = wrapper.xcdatamodel;
		};
/* End XCVersionGroup section */
	};
	rootObject = 4C9EA3FF28C3A83B0053FE38 /* Project object */;
}
